// !$*UTF8*$!
{
	archiveVersion = 1;
	classes = {
	};
	objectVersion = 48;
	objects = {

/* Begin PBXBuildFile section */
		27284A1F2039F3F900C9363C /* AuthService.swift in Sources */ = {isa = PBXBuildFile; fileRef = 27284A1E2039F3F900C9363C /* AuthService.swift */; };
		2745AD3320094860001F30CB /* AppDelegate.swift in Sources */ = {isa = PBXBuildFile; fileRef = 2745AD3220094860001F30CB /* AppDelegate.swift */; };
		2745AD3820094860001F30CB /* Main.storyboard in Resources */ = {isa = PBXBuildFile; fileRef = 2745AD3620094860001F30CB /* Main.storyboard */; };
		2745AD3A20094860001F30CB /* Assets.xcassets in Resources */ = {isa = PBXBuildFile; fileRef = 2745AD3920094860001F30CB /* Assets.xcassets */; };
		2745AD3D20094860001F30CB /* LaunchScreen.storyboard in Resources */ = {isa = PBXBuildFile; fileRef = 2745AD3B20094860001F30CB /* LaunchScreen.storyboard */; };
		2745AD4820094860001F30CB /* SmackTests.swift in Sources */ = {isa = PBXBuildFile; fileRef = 2745AD4720094860001F30CB /* SmackTests.swift */; };
		2745AD5320094860001F30CB /* SmackUITests.swift in Sources */ = {isa = PBXBuildFile; fileRef = 2745AD5220094860001F30CB /* SmackUITests.swift */; };
		2745AD64200FB330001F30CB /* SWRevealViewController.m in Sources */ = {isa = PBXBuildFile; fileRef = 2745AD62200FB330001F30CB /* SWRevealViewController.m */; };
		2745AD69200FB5FE001F30CB /* ChatVC.swift in Sources */ = {isa = PBXBuildFile; fileRef = 2745AD68200FB5FE001F30CB /* ChatVC.swift */; };
		2745AD6B200FB614001F30CB /* ChannelVC.swift in Sources */ = {isa = PBXBuildFile; fileRef = 2745AD6A200FB614001F30CB /* ChannelVC.swift */; };
		2745AD6D201101F2001F30CB /* GradientView.swift in Sources */ = {isa = PBXBuildFile; fileRef = 2745AD6C201101F2001F30CB /* GradientView.swift */; };
		2745AD7020111317001F30CB /* Constants.swift in Sources */ = {isa = PBXBuildFile; fileRef = 2745AD6F20111317001F30CB /* Constants.swift */; };
		2745AD7220111E88001F30CB /* LoginVC.swift in Sources */ = {isa = PBXBuildFile; fileRef = 2745AD7120111E88001F30CB /* LoginVC.swift */; };
		27F0CDDD203C96CE00FB2C53 /* RoundedButton.swift in Sources */ = {isa = PBXBuildFile; fileRef = 27F0CDDC203C96CE00FB2C53 /* RoundedButton.swift */; };
		27F435032013B81A005EF039 /* CreateAccountVC.swift in Sources */ = {isa = PBXBuildFile; fileRef = 27F435022013B81A005EF039 /* CreateAccountVC.swift */; };
		97754E42EECEBC05952ACCB4 /* Pods_SmackTests.framework in Frameworks */ = {isa = PBXBuildFile; fileRef = EADE4DF06FC1ABB7259B9EC3 /* Pods_SmackTests.framework */; };
		A7F6E0F92C26D19ACDE9450D /* Pods_SmackUITests.framework in Frameworks */ = {isa = PBXBuildFile; fileRef = A536D4763CD256F1B2627503 /* Pods_SmackUITests.framework */; };
		DB4894E1961A3E02629C4744 /* Pods_Smack.framework in Frameworks */ = {isa = PBXBuildFile; fileRef = 6A3849EF728C6C17BD43D804 /* Pods_Smack.framework */; };
/* End PBXBuildFile section */

/* Begin PBXContainerItemProxy section */
		2745AD4420094860001F30CB /* PBXContainerItemProxy */ = {
			isa = PBXContainerItemProxy;
			containerPortal = 2745AD2720094860001F30CB /* Project object */;
			proxyType = 1;
			remoteGlobalIDString = 2745AD2E20094860001F30CB;
			remoteInfo = Smack;
		};
		2745AD4F20094860001F30CB /* PBXContainerItemProxy */ = {
			isa = PBXContainerItemProxy;
			containerPortal = 2745AD2720094860001F30CB /* Project object */;
			proxyType = 1;
			remoteGlobalIDString = 2745AD2E20094860001F30CB;
			remoteInfo = Smack;
		};
/* End PBXContainerItemProxy section */

/* Begin PBXFileReference section */
		27284A1E2039F3F900C9363C /* AuthService.swift */ = {isa = PBXFileReference; lastKnownFileType = sourcecode.swift; path = AuthService.swift; sourceTree = "<group>"; };
		2745AD2F20094860001F30CB /* Smack.app */ = {isa = PBXFileReference; explicitFileType = wrapper.application; includeInIndex = 0; path = Smack.app; sourceTree = BUILT_PRODUCTS_DIR; };
		2745AD3220094860001F30CB /* AppDelegate.swift */ = {isa = PBXFileReference; lastKnownFileType = sourcecode.swift; path = AppDelegate.swift; sourceTree = "<group>"; };
		2745AD3720094860001F30CB /* Base */ = {isa = PBXFileReference; lastKnownFileType = file.storyboard; name = Base; path = Base.lproj/Main.storyboard; sourceTree = "<group>"; };
		2745AD3920094860001F30CB /* Assets.xcassets */ = {isa = PBXFileReference; lastKnownFileType = folder.assetcatalog; path = Assets.xcassets; sourceTree = "<group>"; };
		2745AD3C20094860001F30CB /* Base */ = {isa = PBXFileReference; lastKnownFileType = file.storyboard; name = Base; path = Base.lproj/LaunchScreen.storyboard; sourceTree = "<group>"; };
		2745AD3E20094860001F30CB /* Info.plist */ = {isa = PBXFileReference; lastKnownFileType = text.plist.xml; path = Info.plist; sourceTree = "<group>"; };
		2745AD4320094860001F30CB /* SmackTests.xctest */ = {isa = PBXFileReference; explicitFileType = wrapper.cfbundle; includeInIndex = 0; path = SmackTests.xctest; sourceTree = BUILT_PRODUCTS_DIR; };
		2745AD4720094860001F30CB /* SmackTests.swift */ = {isa = PBXFileReference; lastKnownFileType = sourcecode.swift; path = SmackTests.swift; sourceTree = "<group>"; };
		2745AD4920094860001F30CB /* Info.plist */ = {isa = PBXFileReference; lastKnownFileType = text.plist.xml; path = Info.plist; sourceTree = "<group>"; };
		2745AD4E20094860001F30CB /* SmackUITests.xctest */ = {isa = PBXFileReference; explicitFileType = wrapper.cfbundle; includeInIndex = 0; path = SmackUITests.xctest; sourceTree = BUILT_PRODUCTS_DIR; };
		2745AD5220094860001F30CB /* SmackUITests.swift */ = {isa = PBXFileReference; lastKnownFileType = sourcecode.swift; path = SmackUITests.swift; sourceTree = "<group>"; };
		2745AD5420094860001F30CB /* Info.plist */ = {isa = PBXFileReference; lastKnownFileType = text.plist.xml; path = Info.plist; sourceTree = "<group>"; };
		2745AD61200FB32F001F30CB /* Smack-Bridging-Header.h */ = {isa = PBXFileReference; lastKnownFileType = sourcecode.c.h; path = "Smack-Bridging-Header.h"; sourceTree = "<group>"; };
		2745AD62200FB330001F30CB /* SWRevealViewController.m */ = {isa = PBXFileReference; fileEncoding = 4; lastKnownFileType = sourcecode.c.objc; path = SWRevealViewController.m; sourceTree = "<group>"; };
		2745AD63200FB330001F30CB /* SWRevealViewController.h */ = {isa = PBXFileReference; fileEncoding = 4; lastKnownFileType = sourcecode.c.h; path = SWRevealViewController.h; sourceTree = "<group>"; };
		2745AD68200FB5FE001F30CB /* ChatVC.swift */ = {isa = PBXFileReference; lastKnownFileType = sourcecode.swift; path = ChatVC.swift; sourceTree = "<group>"; };
		2745AD6A200FB614001F30CB /* ChannelVC.swift */ = {isa = PBXFileReference; lastKnownFileType = sourcecode.swift; path = ChannelVC.swift; sourceTree = "<group>"; };
		2745AD6C201101F2001F30CB /* GradientView.swift */ = {isa = PBXFileReference; lastKnownFileType = sourcecode.swift; path = GradientView.swift; sourceTree = "<group>"; };
		2745AD6F20111317001F30CB /* Constants.swift */ = {isa = PBXFileReference; lastKnownFileType = sourcecode.swift; path = Constants.swift; sourceTree = "<group>"; };
		2745AD7120111E88001F30CB /* LoginVC.swift */ = {isa = PBXFileReference; lastKnownFileType = sourcecode.swift; path = LoginVC.swift; sourceTree = "<group>"; };
		27F0CDDC203C96CE00FB2C53 /* RoundedButton.swift */ = {isa = PBXFileReference; lastKnownFileType = sourcecode.swift; path = RoundedButton.swift; sourceTree = "<group>"; };
		27F435022013B81A005EF039 /* CreateAccountVC.swift */ = {isa = PBXFileReference; lastKnownFileType = sourcecode.swift; path = CreateAccountVC.swift; sourceTree = "<group>"; };
		4722FF9BE6F62B791F8A8191 /* Pods-SmackUITests.debug.xcconfig */ = {isa = PBXFileReference; includeInIndex = 1; lastKnownFileType = text.xcconfig; name = "Pods-SmackUITests.debug.xcconfig"; path = "Pods/Target Support Files/Pods-SmackUITests/Pods-SmackUITests.debug.xcconfig"; sourceTree = "<group>"; };
		6A3849EF728C6C17BD43D804 /* Pods_Smack.framework */ = {isa = PBXFileReference; explicitFileType = wrapper.framework; includeInIndex = 0; path = Pods_Smack.framework; sourceTree = BUILT_PRODUCTS_DIR; };
		756341A9582660ED6987CB32 /* Pods-SmackUITests.release.xcconfig */ = {isa = PBXFileReference; includeInIndex = 1; lastKnownFileType = text.xcconfig; name = "Pods-SmackUITests.release.xcconfig"; path = "Pods/Target Support Files/Pods-SmackUITests/Pods-SmackUITests.release.xcconfig"; sourceTree = "<group>"; };
		7DE8A8B04805513F00052321 /* Pods-SmackTests.release.xcconfig */ = {isa = PBXFileReference; includeInIndex = 1; lastKnownFileType = text.xcconfig; name = "Pods-SmackTests.release.xcconfig"; path = "Pods/Target Support Files/Pods-SmackTests/Pods-SmackTests.release.xcconfig"; sourceTree = "<group>"; };
		88BD90372610BD3BA39EA5AF /* Pods-Smack.release.xcconfig */ = {isa = PBXFileReference; includeInIndex = 1; lastKnownFileType = text.xcconfig; name = "Pods-Smack.release.xcconfig"; path = "Pods/Target Support Files/Pods-Smack/Pods-Smack.release.xcconfig"; sourceTree = "<group>"; };
		89B9702F0D180B04D1DFE783 /* Pods-Smack.debug.xcconfig */ = {isa = PBXFileReference; includeInIndex = 1; lastKnownFileType = text.xcconfig; name = "Pods-Smack.debug.xcconfig"; path = "Pods/Target Support Files/Pods-Smack/Pods-Smack.debug.xcconfig"; sourceTree = "<group>"; };
		A536D4763CD256F1B2627503 /* Pods_SmackUITests.framework */ = {isa = PBXFileReference; explicitFileType = wrapper.framework; includeInIndex = 0; path = Pods_SmackUITests.framework; sourceTree = BUILT_PRODUCTS_DIR; };
		C61114EA260A466056A81283 /* Pods-SmackTests.debug.xcconfig */ = {isa = PBXFileReference; includeInIndex = 1; lastKnownFileType = text.xcconfig; name = "Pods-SmackTests.debug.xcconfig"; path = "Pods/Target Support Files/Pods-SmackTests/Pods-SmackTests.debug.xcconfig"; sourceTree = "<group>"; };
		EADE4DF06FC1ABB7259B9EC3 /* Pods_SmackTests.framework */ = {isa = PBXFileReference; explicitFileType = wrapper.framework; includeInIndex = 0; path = Pods_SmackTests.framework; sourceTree = BUILT_PRODUCTS_DIR; };
/* End PBXFileReference section */

/* Begin PBXFrameworksBuildPhase section */
		2745AD2C20094860001F30CB /* Frameworks */ = {
			isa = PBXFrameworksBuildPhase;
			buildActionMask = 2147483647;
			files = (
				DB4894E1961A3E02629C4744 /* Pods_Smack.framework in Frameworks */,
			);
			runOnlyForDeploymentPostprocessing = 0;
		};
		2745AD4020094860001F30CB /* Frameworks */ = {
			isa = PBXFrameworksBuildPhase;
			buildActionMask = 2147483647;
			files = (
				97754E42EECEBC05952ACCB4 /* Pods_SmackTests.framework in Frameworks */,
			);
			runOnlyForDeploymentPostprocessing = 0;
		};
		2745AD4B20094860001F30CB /* Frameworks */ = {
			isa = PBXFrameworksBuildPhase;
			buildActionMask = 2147483647;
			files = (
				A7F6E0F92C26D19ACDE9450D /* Pods_SmackUITests.framework in Frameworks */,
			);
			runOnlyForDeploymentPostprocessing = 0;
		};
/* End PBXFrameworksBuildPhase section */

/* Begin PBXGroup section */
		130B411A1D2DDE9823EF5FA7 /* Pods */ = {
			isa = PBXGroup;
			children = (
				89B9702F0D180B04D1DFE783 /* Pods-Smack.debug.xcconfig */,
				88BD90372610BD3BA39EA5AF /* Pods-Smack.release.xcconfig */,
				C61114EA260A466056A81283 /* Pods-SmackTests.debug.xcconfig */,
				7DE8A8B04805513F00052321 /* Pods-SmackTests.release.xcconfig */,
				4722FF9BE6F62B791F8A8191 /* Pods-SmackUITests.debug.xcconfig */,
				756341A9582660ED6987CB32 /* Pods-SmackUITests.release.xcconfig */,
			);
			name = Pods;
			sourceTree = "<group>";
		};
		27284A1D2039F3D600C9363C /* Services */ = {
			isa = PBXGroup;
			children = (
				27284A1E2039F3F900C9363C /* AuthService.swift */,
			);
			path = Services;
			sourceTree = "<group>";
		};
		2745AD2620094860001F30CB = {
			isa = PBXGroup;
			children = (
				2745AD60200FB2FE001F30CB /* Supporting Files */,
				2745AD3120094860001F30CB /* Smack */,
				2745AD4620094860001F30CB /* SmackTests */,
				2745AD5120094860001F30CB /* SmackUITests */,
				2745AD3020094860001F30CB /* Products */,
				130B411A1D2DDE9823EF5FA7 /* Pods */,
				7BA73B12B2770872743D10CC /* Frameworks */,
			);
			sourceTree = "<group>";
		};
		2745AD3020094860001F30CB /* Products */ = {
			isa = PBXGroup;
			children = (
				2745AD2F20094860001F30CB /* Smack.app */,
				2745AD4320094860001F30CB /* SmackTests.xctest */,
				2745AD4E20094860001F30CB /* SmackUITests.xctest */,
			);
			name = Products;
			sourceTree = "<group>";
		};
		2745AD3120094860001F30CB /* Smack */ = {
			isa = PBXGroup;
			children = (
				27284A1D2039F3D600C9363C /* Services */,
				2745AD6E201112F7001F30CB /* Utilities */,
				2745AD67200FB5DC001F30CB /* Model */,
				2745AD66200FB5D1001F30CB /* View */,
				2745AD65200FB5C7001F30CB /* Controller */,
				2745AD3220094860001F30CB /* AppDelegate.swift */,
				2745AD3620094860001F30CB /* Main.storyboard */,
				2745AD3920094860001F30CB /* Assets.xcassets */,
				2745AD3B20094860001F30CB /* LaunchScreen.storyboard */,
				2745AD3E20094860001F30CB /* Info.plist */,
			);
			path = Smack;
			sourceTree = "<group>";
		};
		2745AD4620094860001F30CB /* SmackTests */ = {
			isa = PBXGroup;
			children = (
				2745AD4720094860001F30CB /* SmackTests.swift */,
				2745AD4920094860001F30CB /* Info.plist */,
			);
			path = SmackTests;
			sourceTree = "<group>";
		};
		2745AD5120094860001F30CB /* SmackUITests */ = {
			isa = PBXGroup;
			children = (
				2745AD5220094860001F30CB /* SmackUITests.swift */,
				2745AD5420094860001F30CB /* Info.plist */,
			);
			path = SmackUITests;
			sourceTree = "<group>";
		};
		2745AD60200FB2FE001F30CB /* Supporting Files */ = {
			isa = PBXGroup;
			children = (
				2745AD63200FB330001F30CB /* SWRevealViewController.h */,
				2745AD62200FB330001F30CB /* SWRevealViewController.m */,
				2745AD61200FB32F001F30CB /* Smack-Bridging-Header.h */,
			);
			path = "Supporting Files";
			sourceTree = "<group>";
		};
		2745AD65200FB5C7001F30CB /* Controller */ = {
			isa = PBXGroup;
			children = (
				2745AD68200FB5FE001F30CB /* ChatVC.swift */,
				2745AD6A200FB614001F30CB /* ChannelVC.swift */,
				2745AD7120111E88001F30CB /* LoginVC.swift */,
				27F435022013B81A005EF039 /* CreateAccountVC.swift */,
			);
			path = Controller;
			sourceTree = "<group>";
		};
		2745AD66200FB5D1001F30CB /* View */ = {
			isa = PBXGroup;
			children = (
				2745AD6C201101F2001F30CB /* GradientView.swift */,
				27F0CDDC203C96CE00FB2C53 /* RoundedButton.swift */,
			);
			path = View;
			sourceTree = "<group>";
		};
		2745AD67200FB5DC001F30CB /* Model */ = {
			isa = PBXGroup;
			children = (
			);
			path = Model;
			sourceTree = "<group>";
		};
		2745AD6E201112F7001F30CB /* Utilities */ = {
			isa = PBXGroup;
			children = (
				2745AD6F20111317001F30CB /* Constants.swift */,
			);
			path = Utilities;
			sourceTree = "<group>";
		};
		7BA73B12B2770872743D10CC /* Frameworks */ = {
			isa = PBXGroup;
			children = (
				6A3849EF728C6C17BD43D804 /* Pods_Smack.framework */,
				EADE4DF06FC1ABB7259B9EC3 /* Pods_SmackTests.framework */,
				A536D4763CD256F1B2627503 /* Pods_SmackUITests.framework */,
			);
			name = Frameworks;
			sourceTree = "<group>";
		};
/* End PBXGroup section */

/* Begin PBXNativeTarget section */
		2745AD2E20094860001F30CB /* Smack */ = {
			isa = PBXNativeTarget;
			buildConfigurationList = 2745AD5720094860001F30CB /* Build configuration list for PBXNativeTarget "Smack" */;
			buildPhases = (
				A30253683857480A7E707279 /* [CP] Check Pods Manifest.lock */,
				2745AD2B20094860001F30CB /* Sources */,
				2745AD2C20094860001F30CB /* Frameworks */,
				2745AD2D20094860001F30CB /* Resources */,
				395C145C00C5A3B82A8D0797 /* [CP] Embed Pods Frameworks */,
				B99D6F264DD780C05F7BD6EE /* [CP] Copy Pods Resources */,
			);
			buildRules = (
			);
			dependencies = (
			);
			name = Smack;
			productName = Smack;
			productReference = 2745AD2F20094860001F30CB /* Smack.app */;
			productType = "com.apple.product-type.application";
		};
		2745AD4220094860001F30CB /* SmackTests */ = {
			isa = PBXNativeTarget;
			buildConfigurationList = 2745AD5A20094860001F30CB /* Build configuration list for PBXNativeTarget "SmackTests" */;
			buildPhases = (
				33802F05CBD8B20004E8E056 /* [CP] Check Pods Manifest.lock */,
				2745AD3F20094860001F30CB /* Sources */,
				2745AD4020094860001F30CB /* Frameworks */,
				2745AD4120094860001F30CB /* Resources */,
				79F6468C4FCA3E14F179E628 /* [CP] Embed Pods Frameworks */,
				65F8738B10D871350DCE9C8D /* [CP] Copy Pods Resources */,
			);
			buildRules = (
			);
			dependencies = (
				2745AD4520094860001F30CB /* PBXTargetDependency */,
			);
			name = SmackTests;
			productName = SmackTests;
			productReference = 2745AD4320094860001F30CB /* SmackTests.xctest */;
			productType = "com.apple.product-type.bundle.unit-test";
		};
		2745AD4D20094860001F30CB /* SmackUITests */ = {
			isa = PBXNativeTarget;
			buildConfigurationList = 2745AD5D20094860001F30CB /* Build configuration list for PBXNativeTarget "SmackUITests" */;
			buildPhases = (
				2E74C43C6FDBE444446C4795 /* [CP] Check Pods Manifest.lock */,
				2745AD4A20094860001F30CB /* Sources */,
				2745AD4B20094860001F30CB /* Frameworks */,
				2745AD4C20094860001F30CB /* Resources */,
				F1727C8512014DAE520F6BDD /* [CP] Embed Pods Frameworks */,
				CF8A148F047D026760921A17 /* [CP] Copy Pods Resources */,
			);
			buildRules = (
			);
			dependencies = (
				2745AD5020094860001F30CB /* PBXTargetDependency */,
			);
			name = SmackUITests;
			productName = SmackUITests;
			productReference = 2745AD4E20094860001F30CB /* SmackUITests.xctest */;
			productType = "com.apple.product-type.bundle.ui-testing";
		};
/* End PBXNativeTarget section */

/* Begin PBXProject section */
		2745AD2720094860001F30CB /* Project object */ = {
			isa = PBXProject;
			attributes = {
				LastSwiftUpdateCheck = 0920;
				LastUpgradeCheck = 0920;
				ORGANIZATIONNAME = jprsoftware;
				TargetAttributes = {
					2745AD2E20094860001F30CB = {
						CreatedOnToolsVersion = 9.2;
						LastSwiftMigration = 0920;
						ProvisioningStyle = Automatic;
					};
					2745AD4220094860001F30CB = {
						CreatedOnToolsVersion = 9.2;
						ProvisioningStyle = Automatic;
						TestTargetID = 2745AD2E20094860001F30CB;
					};
					2745AD4D20094860001F30CB = {
						CreatedOnToolsVersion = 9.2;
						ProvisioningStyle = Automatic;
						TestTargetID = 2745AD2E20094860001F30CB;
					};
				};
			};
			buildConfigurationList = 2745AD2A20094860001F30CB /* Build configuration list for PBXProject "Smack" */;
			compatibilityVersion = "Xcode 8.0";
			developmentRegion = en;
			hasScannedForEncodings = 0;
			knownRegions = (
				en,
				Base,
			);
			mainGroup = 2745AD2620094860001F30CB;
			productRefGroup = 2745AD3020094860001F30CB /* Products */;
			projectDirPath = "";
			projectRoot = "";
			targets = (
				2745AD2E20094860001F30CB /* Smack */,
				2745AD4220094860001F30CB /* SmackTests */,
				2745AD4D20094860001F30CB /* SmackUITests */,
			);
		};
/* End PBXProject section */

/* Begin PBXResourcesBuildPhase section */
		2745AD2D20094860001F30CB /* Resources */ = {
			isa = PBXResourcesBuildPhase;
			buildActionMask = 2147483647;
			files = (
				2745AD3D20094860001F30CB /* LaunchScreen.storyboard in Resources */,
				2745AD3A20094860001F30CB /* Assets.xcassets in Resources */,
				2745AD3820094860001F30CB /* Main.storyboard in Resources */,
			);
			runOnlyForDeploymentPostprocessing = 0;
		};
		2745AD4120094860001F30CB /* Resources */ = {
			isa = PBXResourcesBuildPhase;
			buildActionMask = 2147483647;
			files = (
			);
			runOnlyForDeploymentPostprocessing = 0;
		};
		2745AD4C20094860001F30CB /* Resources */ = {
			isa = PBXResourcesBuildPhase;
			buildActionMask = 2147483647;
			files = (
			);
			runOnlyForDeploymentPostprocessing = 0;
		};
/* End PBXResourcesBuildPhase section */

/* Begin PBXShellScriptBuildPhase section */
		2E74C43C6FDBE444446C4795 /* [CP] Check Pods Manifest.lock */ = {
			isa = PBXShellScriptBuildPhase;
			buildActionMask = 2147483647;
			files = (
			);
			inputPaths = (
			);
			name = "[CP] Check Pods Manifest.lock";
			outputPaths = (
			);
			runOnlyForDeploymentPostprocessing = 0;
			shellPath = /bin/sh;
			shellScript = "diff \"${PODS_ROOT}/../Podfile.lock\" \"${PODS_ROOT}/Manifest.lock\" > /dev/null\nif [ $? != 0 ] ; then\n    # print error to STDERR\n    echo \"error: The sandbox is not in sync with the Podfile.lock. Run 'pod install' or update your CocoaPods installation.\" >&2\n    exit 1\nfi\n";
			showEnvVarsInLog = 0;
		};
		33802F05CBD8B20004E8E056 /* [CP] Check Pods Manifest.lock */ = {
			isa = PBXShellScriptBuildPhase;
			buildActionMask = 2147483647;
			files = (
			);
			inputPaths = (
			);
			name = "[CP] Check Pods Manifest.lock";
			outputPaths = (
			);
			runOnlyForDeploymentPostprocessing = 0;
			shellPath = /bin/sh;
			shellScript = "diff \"${PODS_ROOT}/../Podfile.lock\" \"${PODS_ROOT}/Manifest.lock\" > /dev/null\nif [ $? != 0 ] ; then\n    # print error to STDERR\n    echo \"error: The sandbox is not in sync with the Podfile.lock. Run 'pod install' or update your CocoaPods installation.\" >&2\n    exit 1\nfi\n";
			showEnvVarsInLog = 0;
		};
		395C145C00C5A3B82A8D0797 /* [CP] Embed Pods Frameworks */ = {
			isa = PBXShellScriptBuildPhase;
			buildActionMask = 2147483647;
			files = (
			);
			inputPaths = (
			);
			name = "[CP] Embed Pods Frameworks";
			outputPaths = (
			);
			runOnlyForDeploymentPostprocessing = 0;
			shellPath = /bin/sh;
			shellScript = "\"${SRCROOT}/Pods/Target Support Files/Pods-Smack/Pods-Smack-frameworks.sh\"\n";
			showEnvVarsInLog = 0;
		};
		65F8738B10D871350DCE9C8D /* [CP] Copy Pods Resources */ = {
			isa = PBXShellScriptBuildPhase;
			buildActionMask = 2147483647;
			files = (
			);
			inputPaths = (
			);
			name = "[CP] Copy Pods Resources";
			outputPaths = (
			);
			runOnlyForDeploymentPostprocessing = 0;
			shellPath = /bin/sh;
			shellScript = "\"${SRCROOT}/Pods/Target Support Files/Pods-SmackTests/Pods-SmackTests-resources.sh\"\n";
			showEnvVarsInLog = 0;
		};
		79F6468C4FCA3E14F179E628 /* [CP] Embed Pods Frameworks */ = {
			isa = PBXShellScriptBuildPhase;
			buildActionMask = 2147483647;
			files = (
			);
			inputPaths = (
			);
			name = "[CP] Embed Pods Frameworks";
			outputPaths = (
			);
			runOnlyForDeploymentPostprocessing = 0;
			shellPath = /bin/sh;
			shellScript = "\"${SRCROOT}/Pods/Target Support Files/Pods-SmackTests/Pods-SmackTests-frameworks.sh\"\n";
			showEnvVarsInLog = 0;
		};
		A30253683857480A7E707279 /* [CP] Check Pods Manifest.lock */ = {
			isa = PBXShellScriptBuildPhase;
			buildActionMask = 2147483647;
			files = (
			);
			inputPaths = (
			);
			name = "[CP] Check Pods Manifest.lock";
			outputPaths = (
			);
			runOnlyForDeploymentPostprocessing = 0;
			shellPath = /bin/sh;
			shellScript = "diff \"${PODS_ROOT}/../Podfile.lock\" \"${PODS_ROOT}/Manifest.lock\" > /dev/null\nif [ $? != 0 ] ; then\n    # print error to STDERR\n    echo \"error: The sandbox is not in sync with the Podfile.lock. Run 'pod install' or update your CocoaPods installation.\" >&2\n    exit 1\nfi\n";
			showEnvVarsInLog = 0;
		};
		B99D6F264DD780C05F7BD6EE /* [CP] Copy Pods Resources */ = {
			isa = PBXShellScriptBuildPhase;
			buildActionMask = 2147483647;
			files = (
			);
			inputPaths = (
			);
			name = "[CP] Copy Pods Resources";
			outputPaths = (
			);
			runOnlyForDeploymentPostprocessing = 0;
			shellPath = /bin/sh;
			shellScript = "\"${SRCROOT}/Pods/Target Support Files/Pods-Smack/Pods-Smack-resources.sh\"\n";
			showEnvVarsInLog = 0;
		};
		CF8A148F047D026760921A17 /* [CP] Copy Pods Resources */ = {
			isa = PBXShellScriptBuildPhase;
			buildActionMask = 2147483647;
			files = (
			);
			inputPaths = (
			);
			name = "[CP] Copy Pods Resources";
			outputPaths = (
			);
			runOnlyForDeploymentPostprocessing = 0;
			shellPath = /bin/sh;
			shellScript = "\"${SRCROOT}/Pods/Target Support Files/Pods-SmackUITests/Pods-SmackUITests-resources.sh\"\n";
			showEnvVarsInLog = 0;
		};
		F1727C8512014DAE520F6BDD /* [CP] Embed Pods Frameworks */ = {
			isa = PBXShellScriptBuildPhase;
			buildActionMask = 2147483647;
			files = (
			);
			inputPaths = (
			);
			name = "[CP] Embed Pods Frameworks";
			outputPaths = (
			);
			runOnlyForDeploymentPostprocessing = 0;
			shellPath = /bin/sh;
			shellScript = "\"${SRCROOT}/Pods/Target Support Files/Pods-SmackUITests/Pods-SmackUITests-frameworks.sh\"\n";
			showEnvVarsInLog = 0;
		};
/* End PBXShellScriptBuildPhase section */

/* Begin PBXSourcesBuildPhase section */
		2745AD2B20094860001F30CB /* Sources */ = {
			isa = PBXSourcesBuildPhase;
			buildActionMask = 2147483647;
			files = (
				2745AD6B200FB614001F30CB /* ChannelVC.swift in Sources */,
				27F0CDDD203C96CE00FB2C53 /* RoundedButton.swift in Sources */,
				2745AD69200FB5FE001F30CB /* ChatVC.swift in Sources */,
				27F435032013B81A005EF039 /* CreateAccountVC.swift in Sources */,
				27284A1F2039F3F900C9363C /* AuthService.swift in Sources */,
				2745AD7220111E88001F30CB /* LoginVC.swift in Sources */,
				2745AD6D201101F2001F30CB /* GradientView.swift in Sources */,
				2745AD3320094860001F30CB /* AppDelegate.swift in Sources */,
				2745AD64200FB330001F30CB /* SWRevealViewController.m in Sources */,
				2745AD7020111317001F30CB /* Constants.swift in Sources */,
			);
			runOnlyForDeploymentPostprocessing = 0;
		};
		2745AD3F20094860001F30CB /* Sources */ = {
			isa = PBXSourcesBuildPhase;
			buildActionMask = 2147483647;
			files = (
				2745AD4820094860001F30CB /* SmackTests.swift in Sources */,
			);
			runOnlyForDeploymentPostprocessing = 0;
		};
		2745AD4A20094860001F30CB /* Sources */ = {
			isa = PBXSourcesBuildPhase;
			buildActionMask = 2147483647;
			files = (
				2745AD5320094860001F30CB /* SmackUITests.swift in Sources */,
			);
			runOnlyForDeploymentPostprocessing = 0;
		};
/* End PBXSourcesBuildPhase section */

/* Begin PBXTargetDependency section */
		2745AD4520094860001F30CB /* PBXTargetDependency */ = {
			isa = PBXTargetDependency;
			target = 2745AD2E20094860001F30CB /* Smack */;
			targetProxy = 2745AD4420094860001F30CB /* PBXContainerItemProxy */;
		};
		2745AD5020094860001F30CB /* PBXTargetDependency */ = {
			isa = PBXTargetDependency;
			target = 2745AD2E20094860001F30CB /* Smack */;
			targetProxy = 2745AD4F20094860001F30CB /* PBXContainerItemProxy */;
		};
/* End PBXTargetDependency section */

/* Begin PBXVariantGroup section */
		2745AD3620094860001F30CB /* Main.storyboard */ = {
			isa = PBXVariantGroup;
			children = (
				2745AD3720094860001F30CB /* Base */,
			);
			name = Main.storyboard;
			sourceTree = "<group>";
		};
		2745AD3B20094860001F30CB /* LaunchScreen.storyboard */ = {
			isa = PBXVariantGroup;
			children = (
				2745AD3C20094860001F30CB /* Base */,
			);
			name = LaunchScreen.storyboard;
			sourceTree = "<group>";
		};
/* End PBXVariantGroup section */

/* Begin XCBuildConfiguration section */
		2745AD5520094860001F30CB /* Debug */ = {
			isa = XCBuildConfiguration;
			buildSettings = {
				ALWAYS_SEARCH_USER_PATHS = NO;
				CLANG_ANALYZER_NONNULL = YES;
				CLANG_ANALYZER_NUMBER_OBJECT_CONVERSION = YES_AGGRESSIVE;
				CLANG_CXX_LANGUAGE_STANDARD = "gnu++14";
				CLANG_CXX_LIBRARY = "libc++";
				CLANG_ENABLE_MODULES = YES;
				CLANG_ENABLE_OBJC_ARC = YES;
				CLANG_WARN_BLOCK_CAPTURE_AUTORELEASING = YES;
				CLANG_WARN_BOOL_CONVERSION = YES;
				CLANG_WARN_COMMA = YES;
				CLANG_WARN_CONSTANT_CONVERSION = YES;
				CLANG_WARN_DIRECT_OBJC_ISA_USAGE = YES_ERROR;
				CLANG_WARN_DOCUMENTATION_COMMENTS = YES;
				CLANG_WARN_EMPTY_BODY = YES;
				CLANG_WARN_ENUM_CONVERSION = YES;
				CLANG_WARN_INFINITE_RECURSION = YES;
				CLANG_WARN_INT_CONVERSION = YES;
				CLANG_WARN_NON_LITERAL_NULL_CONVERSION = YES;
				CLANG_WARN_OBJC_LITERAL_CONVERSION = YES;
				CLANG_WARN_OBJC_ROOT_CLASS = YES_ERROR;
				CLANG_WARN_RANGE_LOOP_ANALYSIS = YES;
				CLANG_WARN_STRICT_PROTOTYPES = YES;
				CLANG_WARN_SUSPICIOUS_MOVE = YES;
				CLANG_WARN_UNGUARDED_AVAILABILITY = YES_AGGRESSIVE;
				CLANG_WARN_UNREACHABLE_CODE = YES;
				CLANG_WARN__DUPLICATE_METHOD_MATCH = YES;
				CODE_SIGN_IDENTITY = "iPhone Developer";
				COPY_PHASE_STRIP = NO;
				DEBUG_INFORMATION_FORMAT = dwarf;
				ENABLE_STRICT_OBJC_MSGSEND = YES;
				ENABLE_TESTABILITY = YES;
				GCC_C_LANGUAGE_STANDARD = gnu11;
				GCC_DYNAMIC_NO_PIC = NO;
				GCC_NO_COMMON_BLOCKS = YES;
				GCC_OPTIMIZATION_LEVEL = 0;
				GCC_PREPROCESSOR_DEFINITIONS = (
					"DEBUG=1",
					"$(inherited)",
				);
				GCC_WARN_64_TO_32_BIT_CONVERSION = YES;
				GCC_WARN_ABOUT_RETURN_TYPE = YES_ERROR;
				GCC_WARN_UNDECLARED_SELECTOR = YES;
				GCC_WARN_UNINITIALIZED_AUTOS = YES_AGGRESSIVE;
				GCC_WARN_UNUSED_FUNCTION = YES;
				GCC_WARN_UNUSED_VARIABLE = YES;
				IPHONEOS_DEPLOYMENT_TARGET = 11.2;
				MTL_ENABLE_DEBUG_INFO = YES;
				ONLY_ACTIVE_ARCH = YES;
				SDKROOT = iphoneos;
				SWIFT_ACTIVE_COMPILATION_CONDITIONS = DEBUG;
				SWIFT_OPTIMIZATION_LEVEL = "-Onone";
			};
			name = Debug;
		};
		2745AD5620094860001F30CB /* Release */ = {
			isa = XCBuildConfiguration;
			buildSettings = {
				ALWAYS_SEARCH_USER_PATHS = NO;
				CLANG_ANALYZER_NONNULL = YES;
				CLANG_ANALYZER_NUMBER_OBJECT_CONVERSION = YES_AGGRESSIVE;
				CLANG_CXX_LANGUAGE_STANDARD = "gnu++14";
				CLANG_CXX_LIBRARY = "libc++";
				CLANG_ENABLE_MODULES = YES;
				CLANG_ENABLE_OBJC_ARC = YES;
				CLANG_WARN_BLOCK_CAPTURE_AUTORELEASING = YES;
				CLANG_WARN_BOOL_CONVERSION = YES;
				CLANG_WARN_COMMA = YES;
				CLANG_WARN_CONSTANT_CONVERSION = YES;
				CLANG_WARN_DIRECT_OBJC_ISA_USAGE = YES_ERROR;
				CLANG_WARN_DOCUMENTATION_COMMENTS = YES;
				CLANG_WARN_EMPTY_BODY = YES;
				CLANG_WARN_ENUM_CONVERSION = YES;
				CLANG_WARN_INFINITE_RECURSION = YES;
				CLANG_WARN_INT_CONVERSION = YES;
				CLANG_WARN_NON_LITERAL_NULL_CONVERSION = YES;
				CLANG_WARN_OBJC_LITERAL_CONVERSION = YES;
				CLANG_WARN_OBJC_ROOT_CLASS = YES_ERROR;
				CLANG_WARN_RANGE_LOOP_ANALYSIS = YES;
				CLANG_WARN_STRICT_PROTOTYPES = YES;
				CLANG_WARN_SUSPICIOUS_MOVE = YES;
				CLANG_WARN_UNGUARDED_AVAILABILITY = YES_AGGRESSIVE;
				CLANG_WARN_UNREACHABLE_CODE = YES;
				CLANG_WARN__DUPLICATE_METHOD_MATCH = YES;
				CODE_SIGN_IDENTITY = "iPhone Developer";
				COPY_PHASE_STRIP = NO;
				DEBUG_INFORMATION_FORMAT = "dwarf-with-dsym";
				ENABLE_NS_ASSERTIONS = NO;
				ENABLE_STRICT_OBJC_MSGSEND = YES;
				GCC_C_LANGUAGE_STANDARD = gnu11;
				GCC_NO_COMMON_BLOCKS = YES;
				GCC_WARN_64_TO_32_BIT_CONVERSION = YES;
				GCC_WARN_ABOUT_RETURN_TYPE = YES_ERROR;
				GCC_WARN_UNDECLARED_SELECTOR = YES;
				GCC_WARN_UNINITIALIZED_AUTOS = YES_AGGRESSIVE;
				GCC_WARN_UNUSED_FUNCTION = YES;
				GCC_WARN_UNUSED_VARIABLE = YES;
				IPHONEOS_DEPLOYMENT_TARGET = 11.2;
				MTL_ENABLE_DEBUG_INFO = NO;
				SDKROOT = iphoneos;
				SWIFT_OPTIMIZATION_LEVEL = "-Owholemodule";
				VALIDATE_PRODUCT = YES;
			};
			name = Release;
		};
		2745AD5820094860001F30CB /* Debug */ = {
			isa = XCBuildConfiguration;
			baseConfigurationReference = 89B9702F0D180B04D1DFE783 /* Pods-Smack.debug.xcconfig */;
			buildSettings = {
				ASSETCATALOG_COMPILER_APPICON_NAME = AppIcon;
				CLANG_ENABLE_MODULES = YES;
				CODE_SIGN_STYLE = Automatic;
				DEVELOPMENT_TEAM = 74MCHGM7M4;
				INFOPLIST_FILE = Smack/Info.plist;
				LD_RUNPATH_SEARCH_PATHS = "$(inherited) @executable_path/Frameworks";
				PRODUCT_BUNDLE_IDENTIFIER = com.jpr.Smack;
				PRODUCT_NAME = "$(TARGET_NAME)";
				SWIFT_OBJC_BRIDGING_HEADER = "Supporting Files/Smack-Bridging-Header.h";
				SWIFT_OPTIMIZATION_LEVEL = "-Onone";
				SWIFT_VERSION = 4.0;
				TARGETED_DEVICE_FAMILY = "1,2";
			};
			name = Debug;
		};
		2745AD5920094860001F30CB /* Release */ = {
			isa = XCBuildConfiguration;
			baseConfigurationReference = 88BD90372610BD3BA39EA5AF /* Pods-Smack.release.xcconfig */;
			buildSettings = {
				ASSETCATALOG_COMPILER_APPICON_NAME = AppIcon;
				CLANG_ENABLE_MODULES = YES;
				CODE_SIGN_STYLE = Automatic;
				DEVELOPMENT_TEAM = 74MCHGM7M4;
				INFOPLIST_FILE = Smack/Info.plist;
				LD_RUNPATH_SEARCH_PATHS = "$(inherited) @executable_path/Frameworks";
				PRODUCT_BUNDLE_IDENTIFIER = com.jpr.Smack;
				PRODUCT_NAME = "$(TARGET_NAME)";
				SWIFT_OBJC_BRIDGING_HEADER = "Supporting Files/Smack-Bridging-Header.h";
				SWIFT_VERSION = 4.0;
				TARGETED_DEVICE_FAMILY = "1,2";
			};
			name = Release;
		};
		2745AD5B20094860001F30CB /* Debug */ = {
			isa = XCBuildConfiguration;
			baseConfigurationReference = C61114EA260A466056A81283 /* Pods-SmackTests.debug.xcconfig */;
			buildSettings = {
				ALWAYS_EMBED_SWIFT_STANDARD_LIBRARIES = YES;
				BUNDLE_LOADER = "$(TEST_HOST)";
				CODE_SIGN_STYLE = Automatic;
				DEVELOPMENT_TEAM = 74MCHGM7M4;
				INFOPLIST_FILE = SmackTests/Info.plist;
				LD_RUNPATH_SEARCH_PATHS = "$(inherited) @executable_path/Frameworks @loader_path/Frameworks";
				PRODUCT_BUNDLE_IDENTIFIER = com.jpr.SmackTests;
				PRODUCT_NAME = "$(TARGET_NAME)";
				SWIFT_VERSION = 4.0;
				TARGETED_DEVICE_FAMILY = "1,2";
				TEST_HOST = "$(BUILT_PRODUCTS_DIR)/Smack.app/Smack";
			};
			name = Debug;
		};
		2745AD5C20094860001F30CB /* Release */ = {
			isa = XCBuildConfiguration;
			baseConfigurationReference = 7DE8A8B04805513F00052321 /* Pods-SmackTests.release.xcconfig */;
			buildSettings = {
				ALWAYS_EMBED_SWIFT_STANDARD_LIBRARIES = YES;
				BUNDLE_LOADER = "$(TEST_HOST)";
				CODE_SIGN_STYLE = Automatic;
				DEVELOPMENT_TEAM = 74MCHGM7M4;
				INFOPLIST_FILE = SmackTests/Info.plist;
				LD_RUNPATH_SEARCH_PATHS = "$(inherited) @executable_path/Frameworks @loader_path/Frameworks";
				PRODUCT_BUNDLE_IDENTIFIER = com.jpr.SmackTests;
				PRODUCT_NAME = "$(TARGET_NAME)";
				SWIFT_VERSION = 4.0;
				TARGETED_DEVICE_FAMILY = "1,2";
				TEST_HOST = "$(BUILT_PRODUCTS_DIR)/Smack.app/Smack";
			};
			name = Release;
		};
		2745AD5E20094860001F30CB /* Debug */ = {
			isa = XCBuildConfiguration;
			baseConfigurationReference = 4722FF9BE6F62B791F8A8191 /* Pods-SmackUITests.debug.xcconfig */;
			buildSettings = {
				ALWAYS_EMBED_SWIFT_STANDARD_LIBRARIES = YES;
				CODE_SIGN_STYLE = Automatic;
				DEVELOPMENT_TEAM = 74MCHGM7M4;
				INFOPLIST_FILE = SmackUITests/Info.plist;
				LD_RUNPATH_SEARCH_PATHS = "$(inherited) @executable_path/Frameworks @loader_path/Frameworks";
				PRODUCT_BUNDLE_IDENTIFIER = com.jpr.SmackUITests;
				PRODUCT_NAME = "$(TARGET_NAME)";
				SWIFT_VERSION = 4.0;
				TARGETED_DEVICE_FAMILY = "1,2";
				TEST_TARGET_NAME = Smack;
			};
			name = Debug;
		};
		2745AD5F20094860001F30CB /* Release */ = {
			isa = XCBuildConfiguration;
			baseConfigurationReference = 756341A9582660ED6987CB32 /* Pods-SmackUITests.release.xcconfig */;
			buildSettings = {
				ALWAYS_EMBED_SWIFT_STANDARD_LIBRARIES = YES;
				CODE_SIGN_STYLE = Automatic;
				DEVELOPMENT_TEAM = 74MCHGM7M4;
				INFOPLIST_FILE = SmackUITests/Info.plist;
				LD_RUNPATH_SEARCH_PATHS = "$(inherited) @executable_path/Frameworks @loader_path/Frameworks";
				PRODUCT_BUNDLE_IDENTIFIER = com.jpr.SmackUITests;
				PRODUCT_NAME = "$(TARGET_NAME)";
				SWIFT_VERSION = 4.0;
				TARGETED_DEVICE_FAMILY = "1,2";
				TEST_TARGET_NAME = Smack;
			};
			name = Release;
		};
/* End XCBuildConfiguration section */

/* Begin XCConfigurationList section */
		2745AD2A20094860001F30CB /* Build configuration list for PBXProject "Smack" */ = {
			isa = XCConfigurationList;
			buildConfigurations = (
				2745AD5520094860001F30CB /* Debug */,
				2745AD5620094860001F30CB /* Release */,
			);
			defaultConfigurationIsVisible = 0;
			defaultConfigurationName = Release;
		};
		2745AD5720094860001F30CB /* Build configuration list for PBXNativeTarget "Smack" */ = {
			isa = XCConfigurationList;
			buildConfigurations = (
				2745AD5820094860001F30CB /* Debug */,
				2745AD5920094860001F30CB /* Release */,
			);
			defaultConfigurationIsVisible = 0;
			defaultConfigurationName = Release;
		};
		2745AD5A20094860001F30CB /* Build configuration list for PBXNativeTarget "SmackTests" */ = {
			isa = XCConfigurationList;
			buildConfigurations = (
				2745AD5B20094860001F30CB /* Debug */,
				2745AD5C20094860001F30CB /* Release */,
			);
			defaultConfigurationIsVisible = 0;
			defaultConfigurationName = Release;
		};
		2745AD5D20094860001F30CB /* Build configuration list for PBXNativeTarget "SmackUITests" */ = {
			isa = XCConfigurationList;
			buildConfigurations = (
				2745AD5E20094860001F30CB /* Debug */,
				2745AD5F20094860001F30CB /* Release */,
			);
			defaultConfigurationIsVisible = 0;
			defaultConfigurationName = Release;
		};
/* End XCConfigurationList section */
	};
	rootObject = 2745AD2720094860001F30CB /* Project object */;
}
